
Microsoft Visual Studio Solution File, Format Version 12.00
# Visual Studio Version 17
VisualStudioVersion = 17.1.32328.378
MinimumVisualStudioVersion = 10.0.40219.1
Project("{FAE04EC0-301F-11D3-BF4B-00C04F79EFBC}") = "ZBC_H2_KaffeMaskineD1", "ZBC_H2_KaffeMaskineD1\ZBC_H2_KaffeMaskineD1.csproj", "{8E7EE51C-1FCF-418B-8E26-13E9E477C43D}"
EndProject
Global
	GlobalSection(SolutionConfigurationPlatforms) = preSolution
		Debug|Any CPU = Debug|Any CPU
		Release|Any CPU = Release|Any CPU
	EndGlobalSection
	GlobalSection(ProjectConfigurationPlatforms) = postSolution
		{8E7EE51C-1FCF-418B-8E26-13E9E477C43D}.Debug|Any CPU.ActiveCfg = Debug|Any CPU
		{8E7EE51C-1FCF-418B-8E26-13E9E477C43D}.Debug|Any CPU.Build.0 = Debug|Any CPU
		{8E7EE51C-1FCF-418B-8E26-13E9E477C43D}.Release|Any CPU.ActiveCfg = Release|Any CPU
		{8E7EE51C-1FCF-418B-8E26-13E9E477C43D}.Release|Any CPU.Build.0 = Release|Any CPU
	EndGlobalSection
	GlobalSection(SolutionProperties) = preSolution
		HideSolutionNode = FALSE
	EndGlobalSection
	GlobalSection(ExtensibilityGlobals) = postSolution
		SolutionGuid = {0670DF01-6A33-4E5C-A194-677794754DD1}
	EndGlobalSection
EndGlobal
